// !$*UTF8*$!
{
	archiveVersion = 1;
	classes = {
	};
	objectVersion = 56;
	objects = {

/* Begin PBXBuildFile section */
		006C92C22D629F84008F9D1C /* AstrologyAppApp.swift in Sources */ = {isa = PBXBuildFile; fileRef = 006C92C12D629F84008F9D1C /* AstrologyAppApp.swift */; };
		006C92C42D629F84008F9D1C /* ContentView.swift in Sources */ = {isa = PBXBuildFile; fileRef = 006C92C32D629F84008F9D1C /* ContentView.swift */; };
		006C92C62D629F84008F9D1C /* Item.swift in Sources */ = {isa = PBXBuildFile; fileRef = 006C92C52D629F84008F9D1C /* Item.swift */; };
		006C92C82D629F85008F9D1C /* Assets.xcassets in Resources */ = {isa = PBXBuildFile; fileRef = 006C92C72D629F85008F9D1C /* Assets.xcassets */; };
		006C92CB2D629F85008F9D1C /* Preview Assets.xcassets in Resources */ = {isa = PBXBuildFile; fileRef = 006C92CA2D629F85008F9D1C /* Preview Assets.xcassets */; };
		006C92D52D629F85008F9D1C /* AstrologyAppTests.swift in Sources */ = {isa = PBXBuildFile; fileRef = 006C92D42D629F85008F9D1C /* AstrologyAppTests.swift */; };
		006C92DF2D629F85008F9D1C /* AstrologyAppUITests.swift in Sources */ = {isa = PBXBuildFile; fileRef = 006C92DE2D629F85008F9D1C /* AstrologyAppUITests.swift */; };
		006C92E12D629F85008F9D1C /* AstrologyAppUITestsLaunchTests.swift in Sources */ = {isa = PBXBuildFile; fileRef = 006C92E02D629F85008F9D1C /* AstrologyAppUITestsLaunchTests.swift */; };
/* End PBXBuildFile section */

/* Begin PBXContainerItemProxy section */
		006C92D12D629F85008F9D1C /* PBXContainerItemProxy */ = {
			isa = PBXContainerItemProxy;
			containerPortal = 006C92B62D629F84008F9D1C /* Project object */;
			proxyType = 1;
			remoteGlobalIDString = 006C92BD2D629F84008F9D1C;
			remoteInfo = AstrologyApp;
		};
		006C92DB2D629F85008F9D1C /* PBXContainerItemProxy */ = {
			isa = PBXContainerItemProxy;
			containerPortal = 006C92B62D629F84008F9D1C /* Project object */;
			proxyType = 1;
			remoteGlobalIDString = 006C92BD2D629F84008F9D1C;
			remoteInfo = AstrologyApp;
		};
/* End PBXContainerItemProxy section */

/* Begin PBXFileReference section */
		006C92BE2D629F84008F9D1C /* AstrologyApp.app */ = {isa = PBXFileReference; explicitFileType = wrapper.application; includeInIndex = 0; path = AstrologyApp.app; sourceTree = BUILT_PRODUCTS_DIR; };
		006C92C12D629F84008F9D1C /* AstrologyAppApp.swift */ = {isa = PBXFileReference; lastKnownFileType = sourcecode.swift; path = AstrologyAppApp.swift; sourceTree = "<group>"; };
		006C92C32D629F84008F9D1C /* ContentView.swift */ = {isa = PBXFileReference; lastKnownFileType = sourcecode.swift; path = ContentView.swift; sourceTree = "<group>"; };
		006C92C52D629F84008F9D1C /* Item.swift */ = {isa = PBXFileReference; lastKnownFileType = sourcecode.swift; path = Item.swift; sourceTree = "<group>"; };
		006C92C72D629F85008F9D1C /* Assets.xcassets */ = {isa = PBXFileReference; lastKnownFileType = folder.assetcatalog; path = Assets.xcassets; sourceTree = "<group>"; };
		006C92CA2D629F85008F9D1C /* Preview Assets.xcassets */ = {isa = PBXFileReference; lastKnownFileType = folder.assetcatalog; path = "Preview Assets.xcassets"; sourceTree = "<group>"; };
		006C92D02D629F85008F9D1C /* AstrologyAppTests.xctest */ = {isa = PBXFileReference; explicitFileType = wrapper.cfbundle; includeInIndex = 0; path = AstrologyAppTests.xctest; sourceTree = BUILT_PRODUCTS_DIR; };
		006C92D42D629F85008F9D1C /* AstrologyAppTests.swift */ = {isa = PBXFileReference; lastKnownFileType = sourcecode.swift; path = AstrologyAppTests.swift; sourceTree = "<group>"; };
		006C92DA2D629F85008F9D1C /* AstrologyAppUITests.xctest */ = {isa = PBXFileReference; explicitFileType = wrapper.cfbundle; includeInIndex = 0; path = AstrologyAppUITests.xctest; sourceTree = BUILT_PRODUCTS_DIR; };
		006C92DE2D629F85008F9D1C /* AstrologyAppUITests.swift */ = {isa = PBXFileReference; lastKnownFileType = sourcecode.swift; path = AstrologyAppUITests.swift; sourceTree = "<group>"; };
		006C92E02D629F85008F9D1C /* AstrologyAppUITestsLaunchTests.swift */ = {isa = PBXFileReference; lastKnownFileType = sourcecode.swift; path = AstrologyAppUITestsLaunchTests.swift; sourceTree = "<group>"; };
/* End PBXFileReference section */

/* Begin PBXFrameworksBuildPhase section */
		006C92BB2D629F84008F9D1C /* Frameworks */ = {
			isa = PBXFrameworksBuildPhase;
			buildActionMask = 2147483647;
			files = (
			);
			runOnlyForDeploymentPostprocessing = 0;
		};
		006C92CD2D629F85008F9D1C /* Frameworks */ = {
			isa = PBXFrameworksBuildPhase;
			buildActionMask = 2147483647;
			files = (
			);
			runOnlyForDeploymentPostprocessing = 0;
		};
		006C92D72D629F85008F9D1C /* Frameworks */ = {
			isa = PBXFrameworksBuildPhase;
			buildActionMask = 2147483647;
			files = (
			);
			runOnlyForDeploymentPostprocessing = 0;
		};
/* End PBXFrameworksBuildPhase section */

/* Begin PBXGroup section */
		006C92B52D629F84008F9D1C = {
			isa = PBXGroup;
			children = (
				006C92C02D629F84008F9D1C /* AstrologyApp */,
				006C92D32D629F85008F9D1C /* AstrologyAppTests */,
				006C92DD2D629F85008F9D1C /* AstrologyAppUITests */,
				006C92BF2D629F84008F9D1C /* Products */,
			);
			sourceTree = "<group>";
		};
		006C92BF2D629F84008F9D1C /* Products */ = {
			isa = PBXGroup;
			children = (
				006C92BE2D629F84008F9D1C /* AstrologyApp.app */,
				006C92D02D629F85008F9D1C /* AstrologyAppTests.xctest */,
				006C92DA2D629F85008F9D1C /* AstrologyAppUITests.xctest */,
			);
			name = Products;
			sourceTree = "<group>";
		};
		006C92C02D629F84008F9D1C /* AstrologyApp */ = {
			isa = PBXGroup;
			children = (
				006C92C12D629F84008F9D1C /* AstrologyAppApp.swift */,
				006C92C32D629F84008F9D1C /* ContentView.swift */,
				006C92C52D629F84008F9D1C /* Item.swift */,
				006C92C72D629F85008F9D1C /* Assets.xcassets */,
				006C92C92D629F85008F9D1C /* Preview Content */,
			);
			path = AstrologyApp;
			sourceTree = "<group>";
		};
		006C92C92D629F85008F9D1C /* Preview Content */ = {
			isa = PBXGroup;
			children = (
				006C92CA2D629F85008F9D1C /* Preview Assets.xcassets */,
			);
			path = "Preview Content";
			sourceTree = "<group>";
		};
		006C92D32D629F85008F9D1C /* AstrologyAppTests */ = {
			isa = PBXGroup;
			children = (
				006C92D42D629F85008F9D1C /* AstrologyAppTests.swift */,
			);
			path = AstrologyAppTests;
			sourceTree = "<group>";
		};
		006C92DD2D629F85008F9D1C /* AstrologyAppUITests */ = {
			isa = PBXGroup;
			children = (
				006C92DE2D629F85008F9D1C /* AstrologyAppUITests.swift */,
				006C92E02D629F85008F9D1C /* AstrologyAppUITestsLaunchTests.swift */,
			);
			path = AstrologyAppUITests;
			sourceTree = "<group>";
		};
/* End PBXGroup section */

/* Begin PBXNativeTarget section */
		006C92BD2D629F84008F9D1C /* AstrologyApp */ = {
			isa = PBXNativeTarget;
			buildConfigurationList = 006C92E42D629F85008F9D1C /* Build configuration list for PBXNativeTarget "AstrologyApp" */;
			buildPhases = (
				006C92BA2D629F84008F9D1C /* Sources */,
				006C92BB2D629F84008F9D1C /* Frameworks */,
				006C92BC2D629F84008F9D1C /* Resources */,
			);
			buildRules = (
			);
			dependencies = (
			);
			name = AstrologyApp;
			productName = AstrologyApp;
			productReference = 006C92BE2D629F84008F9D1C /* AstrologyApp.app */;
			productType = "com.apple.product-type.application";
		};
		006C92CF2D629F85008F9D1C /* AstrologyAppTests */ = {
			isa = PBXNativeTarget;
			buildConfigurationList = 006C92E72D629F85008F9D1C /* Build configuration list for PBXNativeTarget "AstrologyAppTests" */;
			buildPhases = (
				006C92CC2D629F85008F9D1C /* Sources */,
				006C92CD2D629F85008F9D1C /* Frameworks */,
				006C92CE2D629F85008F9D1C /* Resources */,
			);
			buildRules = (
			);
			dependencies = (
				006C92D22D629F85008F9D1C /* PBXTargetDependency */,
			);
			name = AstrologyAppTests;
			productName = AstrologyAppTests;
			productReference = 006C92D02D629F85008F9D1C /* AstrologyAppTests.xctest */;
			productType = "com.apple.product-type.bundle.unit-test";
		};
		006C92D92D629F85008F9D1C /* AstrologyAppUITests */ = {
			isa = PBXNativeTarget;
			buildConfigurationList = 006C92EA2D629F85008F9D1C /* Build configuration list for PBXNativeTarget "AstrologyAppUITests" */;
			buildPhases = (
				006C92D62D629F85008F9D1C /* Sources */,
				006C92D72D629F85008F9D1C /* Frameworks */,
				006C92D82D629F85008F9D1C /* Resources */,
			);
			buildRules = (
			);
			dependencies = (
				006C92DC2D629F85008F9D1C /* PBXTargetDependency */,
			);
			name = AstrologyAppUITests;
			productName = AstrologyAppUITests;
			productReference = 006C92DA2D629F85008F9D1C /* AstrologyAppUITests.xctest */;
			productType = "com.apple.product-type.bundle.ui-testing";
		};
/* End PBXNativeTarget section */

/* Begin PBXProject section */
		006C92B62D629F84008F9D1C /* Project object */ = {
			isa = PBXProject;
			attributes = {
				BuildIndependentTargetsInParallel = 1;
				LastSwiftUpdateCheck = 1500;
				LastUpgradeCheck = 1500;
				TargetAttributes = {
					006C92BD2D629F84008F9D1C = {
						CreatedOnToolsVersion = 15.0.1;
					};
					006C92CF2D629F85008F9D1C = {
						CreatedOnToolsVersion = 15.0.1;
						TestTargetID = 006C92BD2D629F84008F9D1C;
					};
					006C92D92D629F85008F9D1C = {
						CreatedOnToolsVersion = 15.0.1;
						TestTargetID = 006C92BD2D629F84008F9D1C;
					};
				};
			};
			buildConfigurationList = 006C92B92D629F84008F9D1C /* Build configuration list for PBXProject "AstrologyApp" */;
			compatibilityVersion = "Xcode 14.0";
			developmentRegion = en;
			hasScannedForEncodings = 0;
			knownRegions = (
				en,
				Base,
			);
			mainGroup = 006C92B52D629F84008F9D1C;
			productRefGroup = 006C92BF2D629F84008F9D1C /* Products */;
			projectDirPath = "";
			projectRoot = "";
			targets = (
				006C92BD2D629F84008F9D1C /* AstrologyApp */,
				006C92CF2D629F85008F9D1C /* AstrologyAppTests */,
				006C92D92D629F85008F9D1C /* AstrologyAppUITests */,
			);
		};
/* End PBXProject section */

/* Begin PBXResourcesBuildPhase section */
		006C92BC2D629F84008F9D1C /* Resources */ = {
			isa = PBXResourcesBuildPhase;
			buildActionMask = 2147483647;
			files = (
				006C92CB2D629F85008F9D1C /* Preview Assets.xcassets in Resources */,
				006C92C82D629F85008F9D1C /* Assets.xcassets in Resources */,
			);
			runOnlyForDeploymentPostprocessing = 0;
		};
		006C92CE2D629F85008F9D1C /* Resources */ = {
			isa = PBXResourcesBuildPhase;
			buildActionMask = 2147483647;
			files = (
			);
			runOnlyForDeploymentPostprocessing = 0;
		};
		006C92D82D629F85008F9D1C /* Resources */ = {
			isa = PBXResourcesBuildPhase;
			buildActionMask = 2147483647;
			files = (
			);
			runOnlyForDeploymentPostprocessing = 0;
		};
/* End PBXResourcesBuildPhase section */

/* Begin PBXSourcesBuildPhase section */
		006C92BA2D629F84008F9D1C /* Sources */ = {
			isa = PBXSourcesBuildPhase;
			buildActionMask = 2147483647;
			files = (
				006C92C42D629F84008F9D1C /* ContentView.swift in Sources */,
				006C92C62D629F84008F9D1C /* Item.swift in Sources */,
				006C92C22D629F84008F9D1C /* AstrologyAppApp.swift in Sources */,
			);
			runOnlyForDeploymentPostprocessing = 0;
		};
		006C92CC2D629F85008F9D1C /* Sources */ = {
			isa = PBXSourcesBuildPhase;
			buildActionMask = 2147483647;
			files = (
				006C92D52D629F85008F9D1C /* AstrologyAppTests.swift in Sources */,
			);
			runOnlyForDeploymentPostprocessing = 0;
		};
		006C92D62D629F85008F9D1C /* Sources */ = {
			isa = PBXSourcesBuildPhase;
			buildActionMask = 2147483647;
			files = (
				006C92DF2D629F85008F9D1C /* AstrologyAppUITests.swift in Sources */,
				006C92E12D629F85008F9D1C /* AstrologyAppUITestsLaunchTests.swift in Sources */,
			);
			runOnlyForDeploymentPostprocessing = 0;
		};
/* End PBXSourcesBuildPhase section */

/* Begin PBXTargetDependency section */
		006C92D22D629F85008F9D1C /* PBXTargetDependency */ = {
			isa = PBXTargetDependency;
			target = 006C92BD2D629F84008F9D1C /* AstrologyApp */;
			targetProxy = 006C92D12D629F85008F9D1C /* PBXContainerItemProxy */;
		};
		006C92DC2D629F85008F9D1C /* PBXTargetDependency */ = {
			isa = PBXTargetDependency;
			target = 006C92BD2D629F84008F9D1C /* AstrologyApp */;
			targetProxy = 006C92DB2D629F85008F9D1C /* PBXContainerItemProxy */;
		};
/* End PBXTargetDependency section */

/* Begin XCBuildConfiguration section */
		006C92E22D629F85008F9D1C /* Debug */ = {
			isa = XCBuildConfiguration;
			buildSettings = {
				ALWAYS_SEARCH_USER_PATHS = NO;
				ASSETCATALOG_COMPILER_GENERATE_SWIFT_ASSET_SYMBOL_EXTENSIONS = YES;
				CLANG_ANALYZER_NONNULL = YES;
				CLANG_ANALYZER_NUMBER_OBJECT_CONVERSION = YES_AGGRESSIVE;
				CLANG_CXX_LANGUAGE_STANDARD = "gnu++20";
				CLANG_ENABLE_MODULES = YES;
				CLANG_ENABLE_OBJC_ARC = YES;
				CLANG_ENABLE_OBJC_WEAK = YES;
				CLANG_WARN_BLOCK_CAPTURE_AUTORELEASING = YES;
				CLANG_WARN_BOOL_CONVERSION = YES;
				CLANG_WARN_COMMA = YES;
				CLANG_WARN_CONSTANT_CONVERSION = YES;
				CLANG_WARN_DEPRECATED_OBJC_IMPLEMENTATIONS = YES;
				CLANG_WARN_DIRECT_OBJC_ISA_USAGE = YES_ERROR;
				CLANG_WARN_DOCUMENTATION_COMMENTS = YES;
				CLANG_WARN_EMPTY_BODY = YES;
				CLANG_WARN_ENUM_CONVERSION = YES;
				CLANG_WARN_INFINITE_RECURSION = YES;
				CLANG_WARN_INT_CONVERSION = YES;
				CLANG_WARN_NON_LITERAL_NULL_CONVERSION = YES;
				CLANG_WARN_OBJC_IMPLICIT_RETAIN_SELF = YES;
				CLANG_WARN_OBJC_LITERAL_CONVERSION = YES;
				CLANG_WARN_OBJC_ROOT_CLASS = YES_ERROR;
				CLANG_WARN_QUOTED_INCLUDE_IN_FRAMEWORK_HEADER = YES;
				CLANG_WARN_RANGE_LOOP_ANALYSIS = YES;
				CLANG_WARN_STRICT_PROTOTYPES = YES;
				CLANG_WARN_SUSPICIOUS_MOVE = YES;
				CLANG_WARN_UNGUARDED_AVAILABILITY = YES_AGGRESSIVE;
				CLANG_WARN_UNREACHABLE_CODE = YES;
				CLANG_WARN__DUPLICATE_METHOD_MATCH = YES;
				COPY_PHASE_STRIP = NO;
				DEBUG_INFORMATION_FORMAT = dwarf;
				ENABLE_STRICT_OBJC_MSGSEND = YES;
				ENABLE_TESTABILITY = YES;
				ENABLE_USER_SCRIPT_SANDBOXING = YES;
				GCC_C_LANGUAGE_STANDARD = gnu17;
				GCC_DYNAMIC_NO_PIC = NO;
				GCC_NO_COMMON_BLOCKS = YES;
				GCC_OPTIMIZATION_LEVEL = 0;
				GCC_PREPROCESSOR_DEFINITIONS = (
					"DEBUG=1",
					"$(inherited)",
				);
				GCC_WARN_64_TO_32_BIT_CONVERSION = YES;
				GCC_WARN_ABOUT_RETURN_TYPE = YES_ERROR;
				GCC_WARN_UNDECLARED_SELECTOR = YES;
				GCC_WARN_UNINITIALIZED_AUTOS = YES_AGGRESSIVE;
				GCC_WARN_UNUSED_FUNCTION = YES;
				GCC_WARN_UNUSED_VARIABLE = YES;
				IPHONEOS_DEPLOYMENT_TARGET = 17.0;
				LOCALIZATION_PREFERS_STRING_CATALOGS = YES;
				MTL_ENABLE_DEBUG_INFO = INCLUDE_SOURCE;
				MTL_FAST_MATH = YES;
				ONLY_ACTIVE_ARCH = YES;
				SDKROOT = iphoneos;
				SWIFT_ACTIVE_COMPILATION_CONDITIONS = "DEBUG $(inherited)";
				SWIFT_OPTIMIZATION_LEVEL = "-Onone";
			};
			name = Debug;
		};
		006C92E32D629F85008F9D1C /* Release */ = {
			isa = XCBuildConfiguration;
			buildSettings = {
				ALWAYS_SEARCH_USER_PATHS = NO;
				ASSETCATALOG_COMPILER_GENERATE_SWIFT_ASSET_SYMBOL_EXTENSIONS = YES;
				CLANG_ANALYZER_NONNULL = YES;
				CLANG_ANALYZER_NUMBER_OBJECT_CONVERSION = YES_AGGRESSIVE;
				CLANG_CXX_LANGUAGE_STANDARD = "gnu++20";
				CLANG_ENABLE_MODULES = YES;
				CLANG_ENABLE_OBJC_ARC = YES;
				CLANG_ENABLE_OBJC_WEAK = YES;
				CLANG_WARN_BLOCK_CAPTURE_AUTORELEASING = YES;
				CLANG_WARN_BOOL_CONVERSION = YES;
				CLANG_WARN_COMMA = YES;
				CLANG_WARN_CONSTANT_CONVERSION = YES;
				CLANG_WARN_DEPRECATED_OBJC_IMPLEMENTATIONS = YES;
				CLANG_WARN_DIRECT_OBJC_ISA_USAGE = YES_ERROR;
				CLANG_WARN_DOCUMENTATION_COMMENTS = YES;
				CLANG_WARN_EMPTY_BODY = YES;
				CLANG_WARN_ENUM_CONVERSION = YES;
				CLANG_WARN_INFINITE_RECURSION = YES;
				CLANG_WARN_INT_CONVERSION = YES;
				CLANG_WARN_NON_LITERAL_NULL_CONVERSION = YES;
				CLANG_WARN_OBJC_IMPLICIT_RETAIN_SELF = YES;
				CLANG_WARN_OBJC_LITERAL_CONVERSION = YES;
				CLANG_WARN_OBJC_ROOT_CLASS = YES_ERROR;
				CLANG_WARN_QUOTED_INCLUDE_IN_FRAMEWORK_HEADER = YES;
				CLANG_WARN_RANGE_LOOP_ANALYSIS = YES;
				CLANG_WARN_STRICT_PROTOTYPES = YES;
				CLANG_WARN_SUSPICIOUS_MOVE = YES;
				CLANG_WARN_UNGUARDED_AVAILABILITY = YES_AGGRESSIVE;
				CLANG_WARN_UNREACHABLE_CODE = YES;
				CLANG_WARN__DUPLICATE_METHOD_MATCH = YES;
				COPY_PHASE_STRIP = NO;
				DEBUG_INFORMATION_FORMAT = "dwarf-with-dsym";
				ENABLE_NS_ASSERTIONS = NO;
				ENABLE_STRICT_OBJC_MSGSEND = YES;
				ENABLE_USER_SCRIPT_SANDBOXING = YES;
				GCC_C_LANGUAGE_STANDARD = gnu17;
				GCC_NO_COMMON_BLOCKS = YES;
				GCC_WARN_64_TO_32_BIT_CONVERSION = YES;
				GCC_WARN_ABOUT_RETURN_TYPE = YES_ERROR;
				GCC_WARN_UNDECLARED_SELECTOR = YES;
				GCC_WARN_UNINITIALIZED_AUTOS = YES_AGGRESSIVE;
				GCC_WARN_UNUSED_FUNCTION = YES;
				GCC_WARN_UNUSED_VARIABLE = YES;
				IPHONEOS_DEPLOYMENT_TARGET = 17.0;
				LOCALIZATION_PREFERS_STRING_CATALOGS = YES;
				MTL_ENABLE_DEBUG_INFO = NO;
				MTL_FAST_MATH = YES;
				SDKROOT = iphoneos;
				SWIFT_COMPILATION_MODE = wholemodule;
				VALIDATE_PRODUCT = YES;
			};
			name = Release;
		};
		006C92E52D629F85008F9D1C /* Debug */ = {
			isa = XCBuildConfiguration;
			buildSettings = {
				ASSETCATALOG_COMPILER_APPICON_NAME = AppIcon;
				ASSETCATALOG_COMPILER_GLOBAL_ACCENT_COLOR_NAME = AccentColor;
				CODE_SIGN_STYLE = Automatic;
				CURRENT_PROJECT_VERSION = 1;
				DEVELOPMENT_ASSET_PATHS = "\"AstrologyApp/Preview Content\"";
				ENABLE_PREVIEWS = YES;
				GENERATE_INFOPLIST_FILE = YES;
				INFOPLIST_KEY_UIApplicationSceneManifest_Generation = YES;
				INFOPLIST_KEY_UIApplicationSupportsIndirectInputEvents = YES;
				INFOPLIST_KEY_UILaunchScreen_Generation = YES;
				INFOPLIST_KEY_UISupportedInterfaceOrientations_iPad = "UIInterfaceOrientationPortrait UIInterfaceOrientationPortraitUpsideDown UIInterfaceOrientationLandscapeLeft UIInterfaceOrientationLandscapeRight";
				INFOPLIST_KEY_UISupportedInterfaceOrientations_iPhone = "UIInterfaceOrientationPortrait UIInterfaceOrientationLandscapeLeft UIInterfaceOrientationLandscapeRight";
				LD_RUNPATH_SEARCH_PATHS = (
					"$(inherited)",
					"@executable_path/Frameworks",
				);
				MARKETING_VERSION = 1.0;
				PRODUCT_BUNDLE_IDENTIFIER = "-.AstrologyApp";
				PRODUCT_NAME = "$(TARGET_NAME)";
				SWIFT_EMIT_LOC_STRINGS = YES;
				SWIFT_VERSION = 5.0;
				TARGETED_DEVICE_FAMILY = "1,2";
			};
			name = Debug;
		};
		006C92E62D629F85008F9D1C /* Release */ = {
			isa = XCBuildConfiguration;
			buildSettings = {
				ASSETCATALOG_COMPILER_APPICON_NAME = AppIcon;
				ASSETCATALOG_COMPILER_GLOBAL_ACCENT_COLOR_NAME = AccentColor;
				CODE_SIGN_STYLE = Automatic;
				CURRENT_PROJECT_VERSION = 1;
				DEVELOPMENT_ASSET_PATHS = "\"AstrologyApp/Preview Content\"";
				ENABLE_PREVIEWS = YES;
				GENERATE_INFOPLIST_FILE = YES;
				INFOPLIST_KEY_UIApplicationSceneManifest_Generation = YES;
				INFOPLIST_KEY_UIApplicationSupportsIndirectInputEvents = YES;
				INFOPLIST_KEY_UILaunchScreen_Generation = YES;
				INFOPLIST_KEY_UISupportedInterfaceOrientations_iPad = "UIInterfaceOrientationPortrait UIInterfaceOrientationPortraitUpsideDown UIInterfaceOrientationLandscapeLeft UIInterfaceOrientationLandscapeRight";
				INFOPLIST_KEY_UISupportedInterfaceOrientations_iPhone = "UIInterfaceOrientationPortrait UIInterfaceOrientationLandscapeLeft UIInterfaceOrientationLandscapeRight";
				LD_RUNPATH_SEARCH_PATHS = (
					"$(inherited)",
					"@executable_path/Frameworks",
				);
				MARKETING_VERSION = 1.0;
				PRODUCT_BUNDLE_IDENTIFIER = "-.AstrologyApp";
				PRODUCT_NAME = "$(TARGET_NAME)";
				SWIFT_EMIT_LOC_STRINGS = YES;
				SWIFT_VERSION = 5.0;
				TARGETED_DEVICE_FAMILY = "1,2";
			};
			name = Release;
		};
		006C92E82D629F85008F9D1C /* Debug */ = {
			isa = XCBuildConfiguration;
			buildSettings = {
				ALWAYS_EMBED_SWIFT_STANDARD_LIBRARIES = YES;
				BUNDLE_LOADER = "$(TEST_HOST)";
				CODE_SIGN_STYLE = Automatic;
				CURRENT_PROJECT_VERSION = 1;
				GENERATE_INFOPLIST_FILE = YES;
				IPHONEOS_DEPLOYMENT_TARGET = 17.0;
				MARKETING_VERSION = 1.0;
				PRODUCT_BUNDLE_IDENTIFIER = "-.AstrologyAppTests";
				PRODUCT_NAME = "$(TARGET_NAME)";
				SWIFT_EMIT_LOC_STRINGS = NO;
				SWIFT_VERSION = 5.0;
				TARGETED_DEVICE_FAMILY = "1,2";
				TEST_HOST = "$(BUILT_PRODUCTS_DIR)/AstrologyApp.app/$(BUNDLE_EXECUTABLE_FOLDER_PATH)/AstrologyApp";
			};
			name = Debug;
		};
		006C92E92D629F85008F9D1C /* Release */ = {
			isa = XCBuildConfiguration;
			buildSettings = {
				ALWAYS_EMBED_SWIFT_STANDARD_LIBRARIES = YES;
				BUNDLE_LOADER = "$(TEST_HOST)";
				CODE_SIGN_STYLE = Automatic;
				CURRENT_PROJECT_VERSION = 1;
				GENERATE_INFOPLIST_FILE = YES;
				IPHONEOS_DEPLOYMENT_TARGET = 17.0;
				MARKETING_VERSION = 1.0;
				PRODUCT_BUNDLE_IDENTIFIER = "-.AstrologyAppTests";
				PRODUCT_NAME = "$(TARGET_NAME)";
				SWIFT_EMIT_LOC_STRINGS = NO;
				SWIFT_VERSION = 5.0;
				TARGETED_DEVICE_FAMILY = "1,2";
				TEST_HOST = "$(BUILT_PRODUCTS_DIR)/AstrologyApp.app/$(BUNDLE_EXECUTABLE_FOLDER_PATH)/AstrologyApp";
			};
			name = Release;
		};
		006C92EB2D629F85008F9D1C /* Debug */ = {
			isa = XCBuildConfiguration;
			buildSettings = {
				ALWAYS_EMBED_SWIFT_STANDARD_LIBRARIES = YES;
				CODE_SIGN_STYLE = Automatic;
				CURRENT_PROJECT_VERSION = 1;
				GENERATE_INFOPLIST_FILE = YES;
				MARKETING_VERSION = 1.0;
				PRODUCT_BUNDLE_IDENTIFIER = "-.AstrologyAppUITests";
				PRODUCT_NAME = "$(TARGET_NAME)";
				SWIFT_EMIT_LOC_STRINGS = NO;
				SWIFT_VERSION = 5.0;
				TARGETED_DEVICE_FAMILY = "1,2";
				TEST_TARGET_NAME = AstrologyApp;
			};
			name = Debug;
		};
		006C92EC2D629F85008F9D1C /* Release */ = {
			isa = XCBuildConfiguration;
			buildSettings = {
				ALWAYS_EMBED_SWIFT_STANDARD_LIBRARIES = YES;
				CODE_SIGN_STYLE = Automatic;
				CURRENT_PROJECT_VERSION = 1;
				GENERATE_INFOPLIST_FILE = YES;
				MARKETING_VERSION = 1.0;
				PRODUCT_BUNDLE_IDENTIFIER = "-.AstrologyAppUITests";
				PRODUCT_NAME = "$(TARGET_NAME)";
				SWIFT_EMIT_LOC_STRINGS = NO;
				SWIFT_VERSION = 5.0;
				TARGETED_DEVICE_FAMILY = "1,2";
				TEST_TARGET_NAME = AstrologyApp;
			};
			name = Release;
		};
/* End XCBuildConfiguration section */

/* Begin XCConfigurationList section */
		006C92B92D629F84008F9D1C /* Build configuration list for PBXProject "AstrologyApp" */ = {
			isa = XCConfigurationList;
			buildConfigurations = (
				006C92E22D629F85008F9D1C /* Debug */,
				006C92E32D629F85008F9D1C /* Release */,
			);
			defaultConfigurationIsVisible = 0;
			defaultConfigurationName = Release;
		};
		006C92E42D629F85008F9D1C /* Build configuration list for PBXNativeTarget "AstrologyApp" */ = {
			isa = XCConfigurationList;
			buildConfigurations = (
				006C92E52D629F85008F9D1C /* Debug */,
				006C92E62D629F85008F9D1C /* Release */,
			);
			defaultConfigurationIsVisible = 0;
			defaultConfigurationName = Release;
		};
		006C92E72D629F85008F9D1C /* Build configuration list for PBXNativeTarget "AstrologyAppTests" */ = {
			isa = XCConfigurationList;
			buildConfigurations = (
				006C92E82D629F85008F9D1C /* Debug */,
				006C92E92D629F85008F9D1C /* Release */,
			);
			defaultConfigurationIsVisible = 0;
			defaultConfigurationName = Release;
		};
		006C92EA2D629F85008F9D1C /* Build configuration list for PBXNativeTarget "AstrologyAppUITests" */ = {
			isa = XCConfigurationList;
			buildConfigurations = (
				006C92EB2D629F85008F9D1C /* Debug */,
				006C92EC2D629F85008F9D1C /* Release */,
			);
			defaultConfigurationIsVisible = 0;
			defaultConfigurationName = Release;
		};
/* End XCConfigurationList section */
	};
	rootObject = 006C92B62D629F84008F9D1C /* Project object */;
}
